
Microsoft Visual Studio Solution File, Format Version 12.00
# Visual Studio 15
Project("{FAE04EC0-301F-11D3-BF4B-00C04F79EFBC}") = "FMODUnity", "FMODUnity.csproj", "{2CB2FDFE-A914-4E56-B817-A44B3248D76A}"
EndProject
Project("{FAE04EC0-301F-11D3-BF4B-00C04F79EFBC}") = "FMODUnityEditor", "FMODUnityEditor.csproj", "{180FC924-42CF-DA88-4199-FDFA687367B4}"
EndProject
Project("{FAE04EC0-301F-11D3-BF4B-00C04F79EFBC}") = "Assembly-CSharp", "Assembly-CSharp.csproj", "{36E0D22B-3DDF-0CD2-B5E1-F7B11FDABB4C}"
EndProject
Project("{FAE04EC0-301F-11D3-BF4B-00C04F79EFBC}") = "FMODUnityResonanceEditor", "FMODUnityResonanceEditor.csproj", "{577503F1-37F3-6E4F-D96C-4345818BF251}"
EndProject
Project("{FAE04EC0-301F-11D3-BF4B-00C04F79EFBC}") = "FMODUnityResonance", "FMODUnityResonance.csproj", "{B91FAAC1-324F-A5E5-DBFC-5416A6FFE9B1}"
EndProject
Global
	GlobalSection(SolutionConfigurationPlatforms) = preSolution
		Debug|Any CPU = Debug|Any CPU
		Release|Any CPU = Release|Any CPU
	EndGlobalSection
	GlobalSection(ProjectConfigurationPlatforms) = postSolution
		{2CB2FDFE-A914-4E56-B817-A44B3248D76A}.Debug|Any CPU.ActiveCfg = Debug|Any CPU
		{2CB2FDFE-A914-4E56-B817-A44B3248D76A}.Debug|Any CPU.Build.0 = Debug|Any CPU
		{2CB2FDFE-A914-4E56-B817-A44B3248D76A}.Release|Any CPU.ActiveCfg = Release|Any CPU
		{2CB2FDFE-A914-4E56-B817-A44B3248D76A}.Release|Any CPU.Build.0 = Release|Any CPU
		{180FC924-42CF-DA88-4199-FDFA687367B4}.Debug|Any CPU.ActiveCfg = Debug|Any CPU
		{180FC924-42CF-DA88-4199-FDFA687367B4}.Debug|Any CPU.Build.0 = Debug|Any CPU
		{180FC924-42CF-DA88-4199-FDFA687367B4}.Release|Any CPU.ActiveCfg = Release|Any CPU
		{180FC924-42CF-DA88-4199-FDFA687367B4}.Release|Any CPU.Build.0 = Release|Any CPU
		{36E0D22B-3DDF-0CD2-B5E1-F7B11FDABB4C}.Debug|Any CPU.ActiveCfg = Debug|Any CPU
		{36E0D22B-3DDF-0CD2-B5E1-F7B11FDABB4C}.Debug|Any CPU.Build.0 = Debug|Any CPU
		{36E0D22B-3DDF-0CD2-B5E1-F7B11FDABB4C}.Release|Any CPU.ActiveCfg = Release|Any CPU
		{36E0D22B-3DDF-0CD2-B5E1-F7B11FDABB4C}.Release|Any CPU.Build.0 = Release|Any CPU
		{577503F1-37F3-6E4F-D96C-4345818BF251}.Debug|Any CPU.ActiveCfg = Debug|Any CPU
		{577503F1-37F3-6E4F-D96C-4345818BF251}.Debug|Any CPU.Build.0 = Debug|Any CPU
		{577503F1-37F3-6E4F-D96C-4345818BF251}.Release|Any CPU.ActiveCfg = Release|Any CPU
		{577503F1-37F3-6E4F-D96C-4345818BF251}.Release|Any CPU.Build.0 = Release|Any CPU
		{B91FAAC1-324F-A5E5-DBFC-5416A6FFE9B1}.Debug|Any CPU.ActiveCfg = Debug|Any CPU
		{B91FAAC1-324F-A5E5-DBFC-5416A6FFE9B1}.Debug|Any CPU.Build.0 = Debug|Any CPU
		{B91FAAC1-324F-A5E5-DBFC-5416A6FFE9B1}.Release|Any CPU.ActiveCfg = Release|Any CPU
		{B91FAAC1-324F-A5E5-DBFC-5416A6FFE9B1}.Release|Any CPU.Build.0 = Release|Any CPU
	EndGlobalSection
	GlobalSection(SolutionProperties) = preSolution
		HideSolutionNode = FALSE
	EndGlobalSection
EndGlobal
